
Microsoft Visual Studio Solution File, Format Version 12.00
# Visual Studio 14
VisualStudioVersion = 14.0.24720.0
MinimumVisualStudioVersion = 10.0.40219.1
Project("{FAE04EC0-301F-11D3-BF4B-00C04F79EFBC}") = "GURPSCombatHelper", "GURPSCombatHelper\GURPSCombatHelper.csproj", "{F221C369-8028-41E0-A7D9-03C162A3BE7B}"
	ProjectSection(ProjectDependencies) = postProject
		{998042A7-5434-4C61-ADED-33708DF00F1A} = {998042A7-5434-4C61-ADED-33708DF00F1A}
		{B488CEE4-FF3F-4D1C-B5A1-0FA46690AC5D} = {B488CEE4-FF3F-4D1C-B5A1-0FA46690AC5D}
	EndProjectSection
EndProject
Project("{F2A71F9B-5D33-465A-A702-920D77279786}") = "CombatActions", "CombatActions\CombatActions.fsproj", "{B488CEE4-FF3F-4D1C-B5A1-0FA46690AC5D}"
EndProject
Project("{FAE04EC0-301F-11D3-BF4B-00C04F79EFBC}") = "GURPSStats", "ClassLibrary1\GURPSStats.csproj", "{998042A7-5434-4C61-ADED-33708DF00F1A}"
EndProject
Project("{FAE04EC0-301F-11D3-BF4B-00C04F79EFBC}") = "GURPSCommonConcepts", "GURPSCommonConcepts\GURPSCommonConcepts.csproj", "{DC2D84CA-B426-4ABD-8F9D-3A7FD0E7B08C}"
EndProject
Project("{54435603-DBB4-11D2-8724-00A0C9A8B90C}") = "GCHInstaller", "GCHInstaller\GCHInstaller.vdproj", "{71C16D40-E3B0-4A22-8840-4BC77A6EBEA8}"
EndProject
Global
	GlobalSection(SolutionConfigurationPlatforms) = preSolution
		Debug|Any CPU = Debug|Any CPU
		Release|Any CPU = Release|Any CPU
	EndGlobalSection
	GlobalSection(ProjectConfigurationPlatforms) = postSolution
		{F221C369-8028-41E0-A7D9-03C162A3BE7B}.Debug|Any CPU.ActiveCfg = Debug|Any CPU
		{F221C369-8028-41E0-A7D9-03C162A3BE7B}.Debug|Any CPU.Build.0 = Debug|Any CPU
		{F221C369-8028-41E0-A7D9-03C162A3BE7B}.Release|Any CPU.ActiveCfg = Release|Any CPU
		{F221C369-8028-41E0-A7D9-03C162A3BE7B}.Release|Any CPU.Build.0 = Release|Any CPU
		{B488CEE4-FF3F-4D1C-B5A1-0FA46690AC5D}.Debug|Any CPU.ActiveCfg = Debug|Any CPU
		{B488CEE4-FF3F-4D1C-B5A1-0FA46690AC5D}.Debug|Any CPU.Build.0 = Debug|Any CPU
		{B488CEE4-FF3F-4D1C-B5A1-0FA46690AC5D}.Release|Any CPU.ActiveCfg = Release|Any CPU
		{B488CEE4-FF3F-4D1C-B5A1-0FA46690AC5D}.Release|Any CPU.Build.0 = Release|Any CPU
		{998042A7-5434-4C61-ADED-33708DF00F1A}.Debug|Any CPU.ActiveCfg = Debug|Any CPU
		{998042A7-5434-4C61-ADED-33708DF00F1A}.Debug|Any CPU.Build.0 = Debug|Any CPU
		{998042A7-5434-4C61-ADED-33708DF00F1A}.Release|Any CPU.ActiveCfg = Release|Any CPU
		{DC2D84CA-B426-4ABD-8F9D-3A7FD0E7B08C}.Debug|Any CPU.ActiveCfg = Debug|Any CPU
		{DC2D84CA-B426-4ABD-8F9D-3A7FD0E7B08C}.Debug|Any CPU.Build.0 = Debug|Any CPU
		{DC2D84CA-B426-4ABD-8F9D-3A7FD0E7B08C}.Release|Any CPU.ActiveCfg = Release|Any CPU
		{DC2D84CA-B426-4ABD-8F9D-3A7FD0E7B08C}.Release|Any CPU.Build.0 = Release|Any CPU
		{71C16D40-E3B0-4A22-8840-4BC77A6EBEA8}.Debug|Any CPU.ActiveCfg = Release
		{71C16D40-E3B0-4A22-8840-4BC77A6EBEA8}.Debug|Any CPU.Build.0 = Release
		{71C16D40-E3B0-4A22-8840-4BC77A6EBEA8}.Debug|Any CPU.Deploy.0 = Release
		{71C16D40-E3B0-4A22-8840-4BC77A6EBEA8}.Release|Any CPU.ActiveCfg = Release
		{71C16D40-E3B0-4A22-8840-4BC77A6EBEA8}.Release|Any CPU.Build.0 = Release
	EndGlobalSection
	GlobalSection(SolutionProperties) = preSolution
		HideSolutionNode = FALSE
	EndGlobalSection
EndGlobal
